lockfileVersion: '9.0'

settings:
  autoInstallPeers: true
  excludeLinksFromLockfile: false

overrides:
  ssh2: ^1.16.0

importers:

  .:
    dependencies:
      ssh2:
        specifier: ^1.16.0
        version: 1.16.0
      ssh2-shell-server:
        specifier: ^2.2.3
        version: 2.2.3

packages:

  asn1@0.2.6:
    resolution: {integrity: sha512-ix/FxPn0MDjeyJ7i/yoHGFt/EX6LyNbxSEhPPXODPL+KB0VPk86UYfL0lMdy+KCnv+fmvIzySwaK5COwqVbWTQ==}

  bcrypt-pbkdf@1.0.2:
    resolution: {integrity: sha512-qeFIXtP4MSoi6NLqO12WfqARWWuCKi2Rn/9hJLEmtB5yTNr9DqFWkJRCf2qShWzPeAMRnOgCrq0sg/KLv5ES9w==}

  buildcheck@0.0.6:
    resolution: {integrity: sha512-8f9ZJCUXyT1M35Jx7MkBgmBMo3oHTTBIPLiY9xyL0pl3T5RwcPEY8cUHr5LBNfu/fk6c2T4DJZuVM/8ZZT2D2A==}
    engines: {node: '>=10.0.0'}

  cpu-features@0.0.10:
    resolution: {integrity: sha512-9IkYqtX3YHPCzoVg1Py+o9057a3i0fp7S530UWokCSaFVTc7CwXPRiOjRjBQQ18ZCNafx78YfnG+HALxtVmOGA==}
    engines: {node: '>=10.0.0'}

  nan@2.23.0:
    resolution: {integrity: sha512-1UxuyYGdoQHcGg87Lkqm3FzefucTa0NAiOcuRsDmysep3c1LVCRK2krrUDafMWtjSG04htvAmvg96+SDknOmgQ==}

  safer-buffer@2.1.2:
    resolution: {integrity: sha512-YZo3K82SD7Riyi0E1EQPojLz7kpepnSQI9IyPbHHg1XXXevb5dJI7tpyN2ADxGcQbHG7vcyRHk0cbwqcQriUtg==}

  ssh2-shell-server@2.2.3:
    resolution: {integrity: sha512-ArhQCc8Iu2yS+5SCI96e0jjiduBnlQraevQR3KMvJ3OLGfDGddt8YyJzoHcIddsWuMyX93rNbE/J4vhvrx52EA==}

  ssh2@1.16.0:
    resolution: {integrity: sha512-r1X4KsBGedJqo7h8F5c4Ybpcr5RjyP+aWIG007uBPRjmdQWfEiVLzSK71Zji1B9sKxwaCvD8y8cwSkYrlLiRRg==}
    engines: {node: '>=10.16.0'}

  tweetnacl@0.14.5:
    resolution: {integrity: sha512-KXXFFdAbFXY4geFIwoyNK+f5Z1b7swfXABfL7HXCmoIWMKU3dmS26672A4EeQtDzLKy7SXmfBu51JolvEKwtGA==}

snapshots:

  asn1@0.2.6:
    dependencies:
      safer-buffer: 2.1.2

  bcrypt-pbkdf@1.0.2:
    dependencies:
      tweetnacl: 0.14.5

  buildcheck@0.0.6:
    optional: true

  cpu-features@0.0.10:
    dependencies:
      buildcheck: 0.0.6
      nan: 2.23.0
    optional: true

  nan@2.23.0:
    optional: true

  safer-buffer@2.1.2: {}

  ssh2-shell-server@2.2.3:
    dependencies:
      ssh2: 1.16.0

  ssh2@1.16.0:
    dependencies:
      asn1: 0.2.6
      bcrypt-pbkdf: 1.0.2
    optionalDependencies:
      cpu-features: 0.0.10
      nan: 2.23.0

  tweetnacl@0.14.5: {}
